// !$*UTF8*$!
{
	archiveVersion = 1;
	classes = {
	};
	objectVersion = 46;
	objects = {

/* Begin PBXBuildFile section */
		8436D2631F13DED80094986E /* AppDelegate.swift in Sources */ = {isa = PBXBuildFile; fileRef = 8436D2621F13DED80094986E /* AppDelegate.swift */; };
		8436D2651F13DED80094986E /* ViewController.swift in Sources */ = {isa = PBXBuildFile; fileRef = 8436D2641F13DED80094986E /* ViewController.swift */; };
		8436D2681F13DED80094986E /* Main.storyboard in Resources */ = {isa = PBXBuildFile; fileRef = 8436D2661F13DED80094986E /* Main.storyboard */; };
		8436D26A1F13DED80094986E /* Assets.xcassets in Resources */ = {isa = PBXBuildFile; fileRef = 8436D2691F13DED80094986E /* Assets.xcassets */; };
		8436D26D1F13DED80094986E /* LaunchScreen.storyboard in Resources */ = {isa = PBXBuildFile; fileRef = 8436D26B1F13DED80094986E /* LaunchScreen.storyboard */; };
/* End PBXBuildFile section */

/* Begin PBXFileReference section */
		8436D25F1F13DED70094986E /* Day2_TableViewDemo.app */ = {isa = PBXFileReference; explicitFileType = wrapper.application; includeInIndex = 0; path = Day2_TableViewDemo.app; sourceTree = BUILT_PRODUCTS_DIR; };
		8436D2621F13DED80094986E /* AppDelegate.swift */ = {isa = PBXFileReference; lastKnownFileType = sourcecode.swift; path = AppDelegate.swift; sourceTree = "<group>"; };
		8436D2641F13DED80094986E /* ViewController.swift */ = {isa = PBXFileReference; lastKnownFileType = sourcecode.swift; path = ViewController.swift; sourceTree = "<group>"; };
		8436D2671F13DED80094986E /* Base */ = {isa = PBXFileReference; lastKnownFileType = file.storyboard; name = Base; path = Base.lproj/Main.storyboard; sourceTree = "<group>"; };
		8436D2691F13DED80094986E /* Assets.xcassets */ = {isa = PBXFileReference; lastKnownFileType = folder.assetcatalog; path = Assets.xcassets; sourceTree = "<group>"; };
		8436D26C1F13DED80094986E /* Base */ = {isa = PBXFileReference; lastKnownFileType = file.storyboard; name = Base; path = Base.lproj/LaunchScreen.storyboard; sourceTree = "<group>"; };
		8436D26E1F13DED80094986E /* Info.plist */ = {isa = PBXFileReference; lastKnownFileType = text.plist.xml; path = Info.plist; sourceTree = "<group>"; };
/* End PBXFileReference section */

/* Begin PBXFrameworksBuildPhase section */
		8436D25C1F13DED70094986E /* Frameworks */ = {
			isa = PBXFrameworksBuildPhase;
			buildActionMask = 2147483647;
			files = (
			);
			runOnlyForDeploymentPostprocessing = 0;
		};
/* End PBXFrameworksBuildPhase section */

/* Begin PBXGroup section */
		8436D2561F13DED70094986E = {
			isa = PBXGroup;
			children = (
				8436D2611F13DED70094986E /* Day2_TableViewDemo */,
				8436D2601F13DED70094986E /* Products */,
			);
			sourceTree = "<group>";
		};
		8436D2601F13DED70094986E /* Products */ = {
			isa = PBXGroup;
			children = (
				8436D25F1F13DED70094986E /* Day2_TableViewDemo.app */,
			);
			name = Products;
			sourceTree = "<group>";
		};
		8436D2611F13DED70094986E /* Day2_TableViewDemo */ = {
			isa = PBXGroup;
			children = (
				8436D2621F13DED80094986E /* AppDelegate.swift */,
				8436D2641F13DED80094986E /* ViewController.swift */,
				8436D2661F13DED80094986E /* Main.storyboard */,
				8436D2691F13DED80094986E /* Assets.xcassets */,
				8436D26B1F13DED80094986E /* LaunchScreen.storyboard */,
				8436D26E1F13DED80094986E /* Info.plist */,
			);
			path = Day2_TableViewDemo;
			sourceTree = "<group>";
		};
/* End PBXGroup section */

/* Begin PBXNativeTarget section */
		8436D25E1F13DED70094986E /* Day2_TableViewDemo */ = {
			isa = PBXNativeTarget;
			buildConfigurationList = 8436D2711F13DED80094986E /* Build configuration list for PBXNativeTarget "Day2_TableViewDemo" */;
			buildPhases = (
				8436D25B1F13DED70094986E /* Sources */,
				8436D25C1F13DED70094986E /* Frameworks */,
				8436D25D1F13DED70094986E /* Resources */,
			);
			buildRules = (
			);
			dependencies = (
			);
			name = Day2_TableViewDemo;
			productName = Day2_TableViewDemo;
			productReference = 8436D25F1F13DED70094986E /* Day2_TableViewDemo.app */;
			productType = "com.apple.product-type.application";
		};
/* End PBXNativeTarget section */

/* Begin PBXProject section */
		8436D2571F13DED70094986E /* Project object */ = {
			isa = PBXProject;
			attributes = {
				LastSwiftUpdateCheck = 0800;
				LastUpgradeCheck = 0800;
				ORGANIZATIONNAME = "админ";
				TargetAttributes = {
					8436D25E1F13DED70094986E = {
						CreatedOnToolsVersion = 8.0;
						ProvisioningStyle = Automatic;
					};
				};
			};
			buildConfigurationList = 8436D25A1F13DED70094986E /* Build configuration list for PBXProject "Day2_TableViewDemo" */;
			compatibilityVersion = "Xcode 3.2";
			developmentRegion = English;
			hasScannedForEncodings = 0;
			knownRegions = (
				en,
				Base,
			);
			mainGroup = 8436D2561F13DED70094986E;
			productRefGroup = 8436D2601F13DED70094986E /* Products */;
			projectDirPath = "";
			projectRoot = "";
			targets = (
				8436D25E1F13DED70094986E /* Day2_TableViewDemo */,
			);
		};
/* End PBXProject section */

/* Begin PBXResourcesBuildPhase section */
		8436D25D1F13DED70094986E /* Resources */ = {
			isa = PBXResourcesBuildPhase;
			buildActionMask = 2147483647;
			files = (
				8436D26D1F13DED80094986E /* LaunchScreen.storyboard in Resources */,
				8436D26A1F13DED80094986E /* Assets.xcassets in Resources */,
				8436D2681F13DED80094986E /* Main.storyboard in Resources */,
			);
			runOnlyForDeploymentPostprocessing = 0;
		};
/* End PBXResourcesBuildPhase section */

/* Begin PBXSourcesBuildPhase section */
		8436D25B1F13DED70094986E /* Sources */ = {
			isa = PBXSourcesBuildPhase;
			buildActionMask = 2147483647;
			files = (
				8436D2651F13DED80094986E /* ViewController.swift in Sources */,
				8436D2631F13DED80094986E /* AppDelegate.swift in Sources */,
			);
			runOnlyForDeploymentPostprocessing = 0;
		};
/* End PBXSourcesBuildPhase section */

/* Begin PBXVariantGroup section */
		8436D2661F13DED80094986E /* Main.storyboard */ = {
			isa = PBXVariantGroup;
			children = (
				8436D2671F13DED80094986E /* Base */,
			);
			name = Main.storyboard;
			sourceTree = "<group>";
		};
		8436D26B1F13DED80094986E /* LaunchScreen.storyboard */ = {
			isa = PBXVariantGroup;
			children = (
				8436D26C1F13DED80094986E /* Base */,
			);
			name = LaunchScreen.storyboard;
			sourceTree = "<group>";
		};
/* End PBXVariantGroup section */

/* Begin XCBuildConfiguration section */
		8436D26F1F13DED80094986E /* Debug */ = {
			isa = XCBuildConfiguration;
			buildSettings = {
				ALWAYS_SEARCH_USER_PATHS = NO;
				CLANG_ANALYZER_NONNULL = YES;
				CLANG_CXX_LANGUAGE_STANDARD = "gnu++0x";
				CLANG_CXX_LIBRARY = "libc++";
				CLANG_ENABLE_MODULES = YES;
				CLANG_ENABLE_OBJC_ARC = YES;
				CLANG_WARN_BOOL_CONVERSION = YES;
				CLANG_WARN_CONSTANT_CONVERSION = YES;
				CLANG_WARN_DIRECT_OBJC_ISA_USAGE = YES_ERROR;
				CLANG_WARN_DOCUMENTATION_COMMENTS = YES;
				CLANG_WARN_EMPTY_BODY = YES;
				CLANG_WARN_ENUM_CONVERSION = YES;
				CLANG_WARN_INFINITE_RECURSION = YES;
				CLANG_WARN_INT_CONVERSION = YES;
				CLANG_WARN_OBJC_ROOT_CLASS = YES_ERROR;
				CLANG_WARN_SUSPICIOUS_MOVES = YES;
				CLANG_WARN_UNREACHABLE_CODE = YES;
				CLANG_WARN__DUPLICATE_METHOD_MATCH = YES;
				"CODE_SIGN_IDENTITY[sdk=iphoneos*]" = "iPhone Developer";
				COPY_PHASE_STRIP = NO;
				DEBUG_INFORMATION_FORMAT = dwarf;
				ENABLE_STRICT_OBJC_MSGSEND = YES;
				ENABLE_TESTABILITY = YES;
				GCC_C_LANGUAGE_STANDARD = gnu99;
				GCC_DYNAMIC_NO_PIC = NO;
				GCC_NO_COMMON_BLOCKS = YES;
				GCC_OPTIMIZATION_LEVEL = 0;
				GCC_PREPROCESSOR_DEFINITIONS = (
					"DEBUG=1",
					"$(inherited)",
				);
				GCC_WARN_64_TO_32_BIT_CONVERSION = YES;
				GCC_WARN_ABOUT_RETURN_TYPE = YES_ERROR;
				GCC_WARN_UNDECLARED_SELECTOR = YES;
				GCC_WARN_UNINITIALIZED_AUTOS = YES_AGGRESSIVE;
				GCC_WARN_UNUSED_FUNCTION = YES;
				GCC_WARN_UNUSED_VARIABLE = YES;
				IPHONEOS_DEPLOYMENT_TARGET = 10.0;
				MTL_ENABLE_DEBUG_INFO = YES;
				ONLY_ACTIVE_ARCH = YES;
				SDKROOT = iphoneos;
				SWIFT_ACTIVE_COMPILATION_CONDITIONS = DEBUG;
				SWIFT_OPTIMIZATION_LEVEL = "-Onone";
				TARGETED_DEVICE_FAMILY = "1,2";
			};
			name = Debug;
		};
		8436D2701F13DED80094986E /* Release */ = {
			isa = XCBuildConfiguration;
			buildSettings = {
				ALWAYS_SEARCH_USER_PATHS = NO;
				CLANG_ANALYZER_NONNULL = YES;
				CLANG_CXX_LANGUAGE_STANDARD = "gnu++0x";
				CLANG_CXX_LIBRARY = "libc++";
				CLANG_ENABLE_MODULES = YES;
				CLANG_ENABLE_OBJC_ARC = YES;
				CLANG_WARN_BOOL_CONVERSION = YES;
				CLANG_WARN_CONSTANT_CONVERSION = YES;
				CLANG_WARN_DIRECT_OBJC_ISA_USAGE = YES_ERROR;
				CLANG_WARN_DOCUMENTATION_COMMENTS = YES;
				CLANG_WARN_EMPTY_BODY = YES;
				CLANG_WARN_ENUM_CONVERSION = YES;
				CLANG_WARN_INFINITE_RECURSION = YES;
				CLANG_WARN_INT_CONVERSION = YES;
				CLANG_WARN_OBJC_ROOT_CLASS = YES_ERROR;
				CLANG_WARN_SUSPICIOUS_MOVES = YES;
				CLANG_WARN_UNREACHABLE_CODE = YES;
				CLANG_WARN__DUPLICATE_METHOD_MATCH = YES;
				"CODE_SIGN_IDENTITY[sdk=iphoneos*]" = "iPhone Developer";
				COPY_PHASE_STRIP = NO;
				DEBUG_INFORMATION_FORMAT = "dwarf-with-dsym";
				ENABLE_NS_ASSERTIONS = NO;
				ENABLE_STRICT_OBJC_MSGSEND = YES;
				GCC_C_LANGUAGE_STANDARD = gnu99;
				GCC_NO_COMMON_BLOCKS = YES;
				GCC_WARN_64_TO_32_BIT_CONVERSION = YES;
				GCC_WARN_ABOUT_RETURN_TYPE = YES_ERROR;
				GCC_WARN_UNDECLARED_SELECTOR = YES;
				GCC_WARN_UNINITIALIZED_AUTOS = YES_AGGRESSIVE;
				GCC_WARN_UNUSED_FUNCTION = YES;
				GCC_WARN_UNUSED_VARIABLE = YES;
				IPHONEOS_DEPLOYMENT_TARGET = 10.0;
				MTL_ENABLE_DEBUG_INFO = NO;
				SDKROOT = iphoneos;
				SWIFT_OPTIMIZATION_LEVEL = "-Owholemodule";
				TARGETED_DEVICE_FAMILY = "1,2";
				VALIDATE_PRODUCT = YES;
			};
			name = Release;
		};
		8436D2721F13DED80094986E /* Debug */ = {
			isa = XCBuildConfiguration;
			buildSettings = {
				ASSETCATALOG_COMPILER_APPICON_NAME = AppIcon;
				INFOPLIST_FILE = Day2_TableViewDemo/Info.plist;
				LD_RUNPATH_SEARCH_PATHS = "$(inherited) @executable_path/Frameworks";
				PRODUCT_BUNDLE_IDENTIFIER = "test.Day2-TableViewDemo";
				PRODUCT_NAME = "$(TARGET_NAME)";
				SWIFT_VERSION = 3.0;
			};
			name = Debug;
		};
		8436D2731F13DED80094986E /* Release */ = {
			isa = XCBuildConfiguration;
			buildSettings = {
				ASSETCATALOG_COMPILER_APPICON_NAME = AppIcon;
				INFOPLIST_FILE = Day2_TableViewDemo/Info.plist;
				LD_RUNPATH_SEARCH_PATHS = "$(inherited) @executable_path/Frameworks";
				PRODUCT_BUNDLE_IDENTIFIER = "test.Day2-TableViewDemo";
				PRODUCT_NAME = "$(TARGET_NAME)";
				SWIFT_VERSION = 3.0;
			};
			name = Release;
		};
/* End XCBuildConfiguration section */

/* Begin XCConfigurationList section */
		8436D25A1F13DED70094986E /* Build configuration list for PBXProject "Day2_TableViewDemo" */ = {
			isa = XCConfigurationList;
			buildConfigurations = (
				8436D26F1F13DED80094986E /* Debug */,
				8436D2701F13DED80094986E /* Release */,
			);
			defaultConfigurationIsVisible = 0;
			defaultConfigurationName = Release;
		};
		8436D2711F13DED80094986E /* Build configuration list for PBXNativeTarget "Day2_TableViewDemo" */ = {
			isa = XCConfigurationList;
			buildConfigurations = (
				8436D2721F13DED80094986E /* Debug */,
				8436D2731F13DED80094986E /* Release */,
			);
			defaultConfigurationIsVisible = 0;
		};
/* End XCConfigurationList section */
	};
	rootObject = 8436D2571F13DED70094986E /* Project object */;
}
